
Microsoft Visual Studio Solution File, Format Version 12.00
# Visual Studio Version 17
VisualStudioVersion = 17.14.36401.2
MinimumVisualStudioVersion = 10.0.40219.1
Project("{2150E333-8FDC-42A3-9474-1A3956D46DE8}") = "src", "src", "{36D591C7-65C7-A0D1-1CBC-10CDE441BDC8}"
EndProject
Project("{2150E333-8FDC-42A3-9474-1A3956D46DE8}") = "tests", "tests", "{A6ECA760-93D4-44A0-8409-0B1E91EDDA76}"
EndProject
Project("{2150E333-8FDC-42A3-9474-1A3956D46DE8}") = "Gateway", "Gateway", "{077350C7-0F65-46F5-8F36-0F4E3C3D81C2}"
EndProject
Project("{2150E333-8FDC-42A3-9474-1A3956D46DE8}") = "AuthService", "AuthService", "{A989E5D3-3F9A-45CA-8240-4AA595F5D338}"
EndProject
Project("{2150E333-8FDC-42A3-9474-1A3956D46DE8}") = "TicketService", "TicketService", "{EA77DB4F-8BDE-4989-AE72-65E400EC52D9}"
EndProject
Project("{2150E333-8FDC-42A3-9474-1A3956D46DE8}") = "Application", "Application", "{4F7E695D-66FA-4E7E-ADF7-2C71DC940C4F}"
EndProject
Project("{2150E333-8FDC-42A3-9474-1A3956D46DE8}") = "Domain", "Domain", "{22A3EDCE-1A77-4F93-A795-909724321801}"
EndProject
Project("{2150E333-8FDC-42A3-9474-1A3956D46DE8}") = "Infrastructure", "Infrastructure", "{EC391143-C6A3-4EFB-9411-78986E381B88}"
EndProject
Project("{2150E333-8FDC-42A3-9474-1A3956D46DE8}") = "Presentation", "Presentation", "{FFBBCE4D-6993-4277-BF92-3F2C0D00291E}"
EndProject
Project("{2150E333-8FDC-42A3-9474-1A3956D46DE8}") = "Application", "Application", "{654E0660-8494-4389-BC21-A8E3722298B0}"
EndProject
Project("{2150E333-8FDC-42A3-9474-1A3956D46DE8}") = "Domain", "Domain", "{4671D420-89AB-4231-9D4B-901C6957FB79}"
EndProject
Project("{2150E333-8FDC-42A3-9474-1A3956D46DE8}") = "Infrastructure", "Infrastructure", "{9B01EBAF-A280-4BCF-9F69-BEE9E8E45A7B}"
EndProject
Project("{2150E333-8FDC-42A3-9474-1A3956D46DE8}") = "Presentation", "Presentation", "{9311FD68-250B-46F1-94AD-6F4641F0D645}"
EndProject
Project("{2150E333-8FDC-42A3-9474-1A3956D46DE8}") = "Application", "Application", "{DBCBA8FA-9AAA-4D11-B382-FB0409F03C85}"
EndProject
Project("{2150E333-8FDC-42A3-9474-1A3956D46DE8}") = "Domain", "Domain", "{9E420AFF-40E5-4C03-B191-AA48B604E21E}"
EndProject
Project("{2150E333-8FDC-42A3-9474-1A3956D46DE8}") = "Infrastructure", "Infrastructure", "{36AAA7B4-B088-4B2F-89D1-97161A02B752}"
EndProject
Project("{2150E333-8FDC-42A3-9474-1A3956D46DE8}") = "Presentation", "Presentation", "{810701F9-0B0F-486F-9DC3-CFD845D1EA7F}"
EndProject
Project("{FAE04EC0-301F-11D3-BF4B-00C04F79EFBC}") = "AuthService.Presentation.API", "src\AuthService\Presentation\AuthService.Presentation.API\AuthService.Presentation.API.csproj", "{B1DBECD2-663D-4A17-A344-C1E0C6826FE5}"
EndProject
Project("{FAE04EC0-301F-11D3-BF4B-00C04F79EFBC}") = "AuthService.Application", "src\AuthService\Application\AuthService.Application\AuthService.Application.csproj", "{7C0FB88E-43AC-9BDA-5550-209EE800C251}"
EndProject
Project("{FAE04EC0-301F-11D3-BF4B-00C04F79EFBC}") = "AuthService.Domain", "src\AuthService\Domain\AuthService.Domain\AuthService.Domain.csproj", "{AC2A3AA9-0FBB-0B70-56B3-72431E45D15E}"
EndProject
Project("{FAE04EC0-301F-11D3-BF4B-00C04F79EFBC}") = "AuthService.Domain.Interfaces", "src\AuthService\Domain\AuthService.Domain.Interfaces\AuthService.Domain.Interfaces.csproj", "{CD212343-2630-0F14-359C-C284E66938C6}"
EndProject
Project("{FAE04EC0-301F-11D3-BF4B-00C04F79EFBC}") = "AuthService.Infrastructure", "src\AuthService\Infrastructure\AuthService.Infrastructure\AuthService.Infrastructure.csproj", "{11D659A9-ED23-F3DE-89F3-785F7F851810}"
EndProject
Project("{FAE04EC0-301F-11D3-BF4B-00C04F79EFBC}") = "AuthService.Infrastructure.EntityFramework", "src\AuthService\Infrastructure\AuthService.Infrastructure.EntityFramework\AuthService.Infrastructure.EntityFramework.csproj", "{B104B5AC-6166-8C6A-811A-0E184A85E5C0}"
EndProject
Project("{FAE04EC0-301F-11D3-BF4B-00C04F79EFBC}") = "AuthService.Infrastructure.Repositories", "src\AuthService\Infrastructure\AuthService.Infrastructure.Repositories\AuthService.Infrastructure.Repositories.csproj", "{E1B50690-6C87-C607-05E6-0533203D168E}"
EndProject
Project("{FAE04EC0-301F-11D3-BF4B-00C04F79EFBC}") = "TicketService.Presentation.API", "src\TicketService\Presentation\TicketService.Presentation.API\TicketService.Presentation.API.csproj", "{906B9690-6B35-43BC-9352-A5D1C40CCC89}"
EndProject
Project("{FAE04EC0-301F-11D3-BF4B-00C04F79EFBC}") = "TicketService.Application", "src\TicketService\Application\TicketService.Application\TicketService.Application.csproj", "{18A5092C-C56E-2541-81FC-7A622E8FD675}"
EndProject
Project("{FAE04EC0-301F-11D3-BF4B-00C04F79EFBC}") = "TicketService.Domain", "src\TicketService\Domain\TicketService.Domain\TicketService.Domain.csproj", "{A523AEB8-A9B2-CAB9-39EB-B2018EC4C7AB}"
EndProject
Project("{FAE04EC0-301F-11D3-BF4B-00C04F79EFBC}") = "TicketService.Domain.Interfaces", "src\TicketService\Domain\TicketService.Domain.Interfaces\TicketService.Domain.Interfaces.csproj", "{834C131C-C4A4-CF31-378C-3867F7E97CFB}"
EndProject
Project("{FAE04EC0-301F-11D3-BF4B-00C04F79EFBC}") = "TicketService.Infrastructure", "src\TicketService\Infrastructure\TicketService.Infrastructure\TicketService.Infrastructure.csproj", "{9F1E7D21-D09D-0306-AB88-C806C5662CCF}"
EndProject
Project("{FAE04EC0-301F-11D3-BF4B-00C04F79EFBC}") = "TicketService.Infrastructure.EntityFramework", "src\TicketService\Infrastructure\TicketService.Infrastructure.EntityFramework\TicketService.Infrastructure.EntityFramework.csproj", "{CC11B694-AC1E-A479-169A-DBE97EBCADD7}"
EndProject
Project("{FAE04EC0-301F-11D3-BF4B-00C04F79EFBC}") = "TicketService.Infrastructure.Repositories", "src\TicketService\Infrastructure\TicketService.Infrastructure.Repositories\TicketService.Infrastructure.Repositories.csproj", "{0132AD19-F810-5A71-A70B-F5AB46B92756}"
EndProject
Global
	GlobalSection(SolutionConfigurationPlatforms) = preSolution
		Debug|Any CPU = Debug|Any CPU
		Release|Any CPU = Release|Any CPU
	EndGlobalSection
	GlobalSection(ProjectConfigurationPlatforms) = postSolution
		{B1DBECD2-663D-4A17-A344-C1E0C6826FE5}.Debug|Any CPU.ActiveCfg = Debug|Any CPU
		{B1DBECD2-663D-4A17-A344-C1E0C6826FE5}.Debug|Any CPU.Build.0 = Debug|Any CPU
		{B1DBECD2-663D-4A17-A344-C1E0C6826FE5}.Release|Any CPU.ActiveCfg = Release|Any CPU
		{B1DBECD2-663D-4A17-A344-C1E0C6826FE5}.Release|Any CPU.Build.0 = Release|Any CPU
		{7C0FB88E-43AC-9BDA-5550-209EE800C251}.Debug|Any CPU.ActiveCfg = Debug|Any CPU
		{7C0FB88E-43AC-9BDA-5550-209EE800C251}.Debug|Any CPU.Build.0 = Debug|Any CPU
		{7C0FB88E-43AC-9BDA-5550-209EE800C251}.Release|Any CPU.ActiveCfg = Release|Any CPU
		{7C0FB88E-43AC-9BDA-5550-209EE800C251}.Release|Any CPU.Build.0 = Release|Any CPU
		{AC2A3AA9-0FBB-0B70-56B3-72431E45D15E}.Debug|Any CPU.ActiveCfg = Debug|Any CPU
		{AC2A3AA9-0FBB-0B70-56B3-72431E45D15E}.Debug|Any CPU.Build.0 = Debug|Any CPU
		{AC2A3AA9-0FBB-0B70-56B3-72431E45D15E}.Release|Any CPU.ActiveCfg = Release|Any CPU
		{AC2A3AA9-0FBB-0B70-56B3-72431E45D15E}.Release|Any CPU.Build.0 = Release|Any CPU
		{CD212343-2630-0F14-359C-C284E66938C6}.Debug|Any CPU.ActiveCfg = Debug|Any CPU
		{CD212343-2630-0F14-359C-C284E66938C6}.Debug|Any CPU.Build.0 = Debug|Any CPU
		{CD212343-2630-0F14-359C-C284E66938C6}.Release|Any CPU.ActiveCfg = Release|Any CPU
		{CD212343-2630-0F14-359C-C284E66938C6}.Release|Any CPU.Build.0 = Release|Any CPU
		{11D659A9-ED23-F3DE-89F3-785F7F851810}.Debug|Any CPU.ActiveCfg = Debug|Any CPU
		{11D659A9-ED23-F3DE-89F3-785F7F851810}.Debug|Any CPU.Build.0 = Debug|Any CPU
		{11D659A9-ED23-F3DE-89F3-785F7F851810}.Release|Any CPU.ActiveCfg = Release|Any CPU
		{11D659A9-ED23-F3DE-89F3-785F7F851810}.Release|Any CPU.Build.0 = Release|Any CPU
		{B104B5AC-6166-8C6A-811A-0E184A85E5C0}.Debug|Any CPU.ActiveCfg = Debug|Any CPU
		{B104B5AC-6166-8C6A-811A-0E184A85E5C0}.Debug|Any CPU.Build.0 = Debug|Any CPU
		{B104B5AC-6166-8C6A-811A-0E184A85E5C0}.Release|Any CPU.ActiveCfg = Release|Any CPU
		{B104B5AC-6166-8C6A-811A-0E184A85E5C0}.Release|Any CPU.Build.0 = Release|Any CPU
		{E1B50690-6C87-C607-05E6-0533203D168E}.Debug|Any CPU.ActiveCfg = Debug|Any CPU
		{E1B50690-6C87-C607-05E6-0533203D168E}.Debug|Any CPU.Build.0 = Debug|Any CPU
		{E1B50690-6C87-C607-05E6-0533203D168E}.Release|Any CPU.ActiveCfg = Release|Any CPU
		{E1B50690-6C87-C607-05E6-0533203D168E}.Release|Any CPU.Build.0 = Release|Any CPU
		{906B9690-6B35-43BC-9352-A5D1C40CCC89}.Debug|Any CPU.ActiveCfg = Debug|Any CPU
		{906B9690-6B35-43BC-9352-A5D1C40CCC89}.Debug|Any CPU.Build.0 = Debug|Any CPU
		{906B9690-6B35-43BC-9352-A5D1C40CCC89}.Release|Any CPU.ActiveCfg = Release|Any CPU
		{906B9690-6B35-43BC-9352-A5D1C40CCC89}.Release|Any CPU.Build.0 = Release|Any CPU
		{18A5092C-C56E-2541-81FC-7A622E8FD675}.Debug|Any CPU.ActiveCfg = Debug|Any CPU
		{18A5092C-C56E-2541-81FC-7A622E8FD675}.Debug|Any CPU.Build.0 = Debug|Any CPU
		{18A5092C-C56E-2541-81FC-7A622E8FD675}.Release|Any CPU.ActiveCfg = Release|Any CPU
		{18A5092C-C56E-2541-81FC-7A622E8FD675}.Release|Any CPU.Build.0 = Release|Any CPU
		{A523AEB8-A9B2-CAB9-39EB-B2018EC4C7AB}.Debug|Any CPU.ActiveCfg = Debug|Any CPU
		{A523AEB8-A9B2-CAB9-39EB-B2018EC4C7AB}.Debug|Any CPU.Build.0 = Debug|Any CPU
		{A523AEB8-A9B2-CAB9-39EB-B2018EC4C7AB}.Release|Any CPU.ActiveCfg = Release|Any CPU
		{A523AEB8-A9B2-CAB9-39EB-B2018EC4C7AB}.Release|Any CPU.Build.0 = Release|Any CPU
		{834C131C-C4A4-CF31-378C-3867F7E97CFB}.Debug|Any CPU.ActiveCfg = Debug|Any CPU
		{834C131C-C4A4-CF31-378C-3867F7E97CFB}.Debug|Any CPU.Build.0 = Debug|Any CPU
		{834C131C-C4A4-CF31-378C-3867F7E97CFB}.Release|Any CPU.ActiveCfg = Release|Any CPU
		{834C131C-C4A4-CF31-378C-3867F7E97CFB}.Release|Any CPU.Build.0 = Release|Any CPU
		{9F1E7D21-D09D-0306-AB88-C806C5662CCF}.Debug|Any CPU.ActiveCfg = Debug|Any CPU
		{9F1E7D21-D09D-0306-AB88-C806C5662CCF}.Debug|Any CPU.Build.0 = Debug|Any CPU
		{9F1E7D21-D09D-0306-AB88-C806C5662CCF}.Release|Any CPU.ActiveCfg = Release|Any CPU
		{9F1E7D21-D09D-0306-AB88-C806C5662CCF}.Release|Any CPU.Build.0 = Release|Any CPU
		{CC11B694-AC1E-A479-169A-DBE97EBCADD7}.Debug|Any CPU.ActiveCfg = Debug|Any CPU
		{CC11B694-AC1E-A479-169A-DBE97EBCADD7}.Debug|Any CPU.Build.0 = Debug|Any CPU
		{CC11B694-AC1E-A479-169A-DBE97EBCADD7}.Release|Any CPU.ActiveCfg = Release|Any CPU
		{CC11B694-AC1E-A479-169A-DBE97EBCADD7}.Release|Any CPU.Build.0 = Release|Any CPU
		{0132AD19-F810-5A71-A70B-F5AB46B92756}.Debug|Any CPU.ActiveCfg = Debug|Any CPU
		{0132AD19-F810-5A71-A70B-F5AB46B92756}.Debug|Any CPU.Build.0 = Debug|Any CPU
		{0132AD19-F810-5A71-A70B-F5AB46B92756}.Release|Any CPU.ActiveCfg = Release|Any CPU
		{0132AD19-F810-5A71-A70B-F5AB46B92756}.Release|Any CPU.Build.0 = Release|Any CPU
	EndGlobalSection
	GlobalSection(SolutionProperties) = preSolution
		HideSolutionNode = FALSE
	EndGlobalSection
	GlobalSection(NestedProjects) = preSolution
		{077350C7-0F65-46F5-8F36-0F4E3C3D81C2} = {36D591C7-65C7-A0D1-1CBC-10CDE441BDC8}
		{A989E5D3-3F9A-45CA-8240-4AA595F5D338} = {36D591C7-65C7-A0D1-1CBC-10CDE441BDC8}
		{EA77DB4F-8BDE-4989-AE72-65E400EC52D9} = {36D591C7-65C7-A0D1-1CBC-10CDE441BDC8}
		{4F7E695D-66FA-4E7E-ADF7-2C71DC940C4F} = {A989E5D3-3F9A-45CA-8240-4AA595F5D338}
		{22A3EDCE-1A77-4F93-A795-909724321801} = {A989E5D3-3F9A-45CA-8240-4AA595F5D338}
		{EC391143-C6A3-4EFB-9411-78986E381B88} = {A989E5D3-3F9A-45CA-8240-4AA595F5D338}
		{FFBBCE4D-6993-4277-BF92-3F2C0D00291E} = {A989E5D3-3F9A-45CA-8240-4AA595F5D338}
		{654E0660-8494-4389-BC21-A8E3722298B0} = {077350C7-0F65-46F5-8F36-0F4E3C3D81C2}
		{4671D420-89AB-4231-9D4B-901C6957FB79} = {077350C7-0F65-46F5-8F36-0F4E3C3D81C2}
		{9B01EBAF-A280-4BCF-9F69-BEE9E8E45A7B} = {077350C7-0F65-46F5-8F36-0F4E3C3D81C2}
		{9311FD68-250B-46F1-94AD-6F4641F0D645} = {077350C7-0F65-46F5-8F36-0F4E3C3D81C2}
		{DBCBA8FA-9AAA-4D11-B382-FB0409F03C85} = {EA77DB4F-8BDE-4989-AE72-65E400EC52D9}
		{9E420AFF-40E5-4C03-B191-AA48B604E21E} = {EA77DB4F-8BDE-4989-AE72-65E400EC52D9}
		{36AAA7B4-B088-4B2F-89D1-97161A02B752} = {EA77DB4F-8BDE-4989-AE72-65E400EC52D9}
		{810701F9-0B0F-486F-9DC3-CFD845D1EA7F} = {EA77DB4F-8BDE-4989-AE72-65E400EC52D9}
		{B1DBECD2-663D-4A17-A344-C1E0C6826FE5} = {FFBBCE4D-6993-4277-BF92-3F2C0D00291E}
		{7C0FB88E-43AC-9BDA-5550-209EE800C251} = {4F7E695D-66FA-4E7E-ADF7-2C71DC940C4F}
		{AC2A3AA9-0FBB-0B70-56B3-72431E45D15E} = {22A3EDCE-1A77-4F93-A795-909724321801}
		{CD212343-2630-0F14-359C-C284E66938C6} = {22A3EDCE-1A77-4F93-A795-909724321801}
		{11D659A9-ED23-F3DE-89F3-785F7F851810} = {EC391143-C6A3-4EFB-9411-78986E381B88}
		{B104B5AC-6166-8C6A-811A-0E184A85E5C0} = {EC391143-C6A3-4EFB-9411-78986E381B88}
		{E1B50690-6C87-C607-05E6-0533203D168E} = {EC391143-C6A3-4EFB-9411-78986E381B88}
		{906B9690-6B35-43BC-9352-A5D1C40CCC89} = {9311FD68-250B-46F1-94AD-6F4641F0D645}
		{18A5092C-C56E-2541-81FC-7A622E8FD675} = {654E0660-8494-4389-BC21-A8E3722298B0}
		{A523AEB8-A9B2-CAB9-39EB-B2018EC4C7AB} = {4671D420-89AB-4231-9D4B-901C6957FB79}
		{834C131C-C4A4-CF31-378C-3867F7E97CFB} = {4671D420-89AB-4231-9D4B-901C6957FB79}
		{9F1E7D21-D09D-0306-AB88-C806C5662CCF} = {9B01EBAF-A280-4BCF-9F69-BEE9E8E45A7B}
		{CC11B694-AC1E-A479-169A-DBE97EBCADD7} = {9B01EBAF-A280-4BCF-9F69-BEE9E8E45A7B}
		{0132AD19-F810-5A71-A70B-F5AB46B92756} = {9B01EBAF-A280-4BCF-9F69-BEE9E8E45A7B}
	EndGlobalSection
	GlobalSection(ExtensibilityGlobals) = postSolution
		SolutionGuid = {CE9F8C9B-DBED-455F-950F-BA245226953D}
	EndGlobalSection
EndGlobal
